
Microsoft Visual Studio Solution File, Format Version 12.00
# Visual Studio Version 16
VisualStudioVersion = 25.0.1704.3
MinimumVisualStudioVersion = 10.0.40219.1
Project("{FAE04EC0-301F-11D3-BF4B-00C04F79EFBC}") = "MyFirstApp", "MyFirstApp\MyFirstApp.csproj", "{40ECB1A9-CAE0-4A68-884F-318CB1C9FA16}"
EndProject
Global
	GlobalSection(SolutionConfigurationPlatforms) = preSolution
		Debug|Any CPU = Debug|Any CPU
		Release|Any CPU = Release|Any CPU
	EndGlobalSection
	GlobalSection(ProjectConfigurationPlatforms) = postSolution
		{40ECB1A9-CAE0-4A68-884F-318CB1C9FA16}.Debug|Any CPU.ActiveCfg = Debug|Any CPU
		{40ECB1A9-CAE0-4A68-884F-318CB1C9FA16}.Debug|Any CPU.Build.0 = Debug|Any CPU
		{40ECB1A9-CAE0-4A68-884F-318CB1C9FA16}.Release|Any CPU.ActiveCfg = Release|Any CPU
		{40ECB1A9-CAE0-4A68-884F-318CB1C9FA16}.Release|Any CPU.Build.0 = Release|Any CPU
	EndGlobalSection
	GlobalSection(SolutionProperties) = preSolution
		HideSolutionNode = FALSE
	EndGlobalSection
	GlobalSection(ExtensibilityGlobals) = postSolution
		SolutionGuid = {545FE8EB-1D85-4A30-B3F2-C59E4BFFFDC6}
	EndGlobalSection
EndGlobal
